
Microsoft Visual Studio Solution File, Format Version 12.00
# Visual Studio Version 17
VisualStudioVersion = 17.5.33516.290
MinimumVisualStudioVersion = 10.0.40219.1
Project("{FAE04EC0-301F-11D3-BF4B-00C04F79EFBC}") = "Ejercicio20.consola", "Ejercicio20.consola\Ejercicio20.consola.csproj", "{005F821A-5E5D-4C43-90A8-B0DC7254111F}"
EndProject
Global
	GlobalSection(SolutionConfigurationPlatforms) = preSolution
		Debug|Any CPU = Debug|Any CPU
		Release|Any CPU = Release|Any CPU
	EndGlobalSection
	GlobalSection(ProjectConfigurationPlatforms) = postSolution
		{005F821A-5E5D-4C43-90A8-B0DC7254111F}.Debug|Any CPU.ActiveCfg = Debug|Any CPU
		{005F821A-5E5D-4C43-90A8-B0DC7254111F}.Debug|Any CPU.Build.0 = Debug|Any CPU
		{005F821A-5E5D-4C43-90A8-B0DC7254111F}.Release|Any CPU.ActiveCfg = Release|Any CPU
		{005F821A-5E5D-4C43-90A8-B0DC7254111F}.Release|Any CPU.Build.0 = Release|Any CPU
	EndGlobalSection
	GlobalSection(SolutionProperties) = preSolution
		HideSolutionNode = FALSE
	EndGlobalSection
	GlobalSection(ExtensibilityGlobals) = postSolution
		SolutionGuid = {B3BA2D1D-419A-4DD5-8153-51D65C66D4BF}
	EndGlobalSection
EndGlobal
